
Microsoft Visual Studio Solution File, Format Version 12.00
# Visual Studio Version 16
VisualStudioVersion = 16.0.30204.135
MinimumVisualStudioVersion = 10.0.40219.1
Project("{FAE04EC0-301F-11D3-BF4B-00C04F79EFBC}") = "ComputerInfo", "ComputerInfo.csproj", "{7593C228-8302-45E1-AD7D-7B31E577E3CE}"
EndProject
Global
	GlobalSection(SolutionConfigurationPlatforms) = preSolution
		Debug|Any CPU = Debug|Any CPU
		Release|Any CPU = Release|Any CPU
	EndGlobalSection
	GlobalSection(ProjectConfigurationPlatforms) = postSolution
		{7593C228-8302-45E1-AD7D-7B31E577E3CE}.Debug|Any CPU.ActiveCfg = Debug|Any CPU
		{7593C228-8302-45E1-AD7D-7B31E577E3CE}.Debug|Any CPU.Build.0 = Debug|Any CPU
		{7593C228-8302-45E1-AD7D-7B31E577E3CE}.Release|Any CPU.ActiveCfg = Release|Any CPU
		{7593C228-8302-45E1-AD7D-7B31E577E3CE}.Release|Any CPU.Build.0 = Release|Any CPU
	EndGlobalSection
	GlobalSection(SolutionProperties) = preSolution
		HideSolutionNode = FALSE
	EndGlobalSection
	GlobalSection(ExtensibilityGlobals) = postSolution
		SolutionGuid = {247114B6-1EC5-4153-AC83-C6A30B2C5399}
	EndGlobalSection
EndGlobal
